{
  "name": "mcp-entra-lab-tools",
  "version": "0.1.0",
  "lockfileVersion": 3,
  "requires": true,
  "packages": {
    "": {
      "name": "mcp-entra-lab-tools",
      "version": "0.1.0",
      "dependencies": {
        "@azure/mcp": "2.0.5"
      },
      "engines": {
        "node": ">=20.0.0"
      }
    },
    "node_modules/@azure/mcp": {
      "version": "2.0.5",
      "resolved": "https://ms-feed-25.pkgs.visualstudio.com/1es-public/_packaging/npm-public/npm/registry/@azure/mcp/-/mcp-2.0.5.tgz",
      "integrity": "sha1-RSp4Ri+UqXMXzgFyGdTbWMZJngE=",
      "cpu": [
        "x64",
        "arm64"
      ],
      "hasInstallScript": true,
      "license": "MIT",
      "os": [
        "linux",
        "darwin",
        "win32"
      ],
      "bin": {
        "azmcp": "index.js"
      },
      "engines": {
        "node": ">=20.0.0"
      },
      "optionalDependencies": {
        "@azure/mcp-darwin-arm64": "2.0.5",
        "@azure/mcp-darwin-x64": "2.0.5",
        "@azure/mcp-linux-arm64": "2.0.5",
        "@azure/mcp-linux-x64": "2.0.5",
        "@azure/mcp-win32-arm64": "2.0.5",
        "@azure/mcp-win32-x64": "2.0.5"
      }
    },
    "node_modules/@azure/mcp-darwin-arm64": {
      "version": "2.0.5",
      "resolved": "https://ms-feed-25.pkgs.visualstudio.com/1es-public/_packaging/npm-public/npm/registry/@azure/mcp-darwin-arm64/-/mcp-darwin-arm64-2.0.5.tgz",
      "integrity": "sha1-MR47aZDfrfNjeWaE/amy6No2IHI=",
      "cpu": [
        "arm64"
      ],
      "license": "MIT",
      "optional": true,
      "os": [
        "darwin"
      ],
      "bin": {
        "azmcp-darwin-arm64": "dist/azmcp"
      },
      "engines": {
        "node": ">=20.0.0"
      }
    },
    "node_modules/@azure/mcp-darwin-x64": {
      "version": "2.0.5",
      "resolved": "https://ms-feed-25.pkgs.visualstudio.com/1es-public/_packaging/npm-public/npm/registry/@azure/mcp-darwin-x64/-/mcp-darwin-x64-2.0.5.tgz",
      "integrity": "sha1-LBnq8/OdKEF8Irq3amwWxeSYodg=",
      "cpu": [
        "x64"
      ],
      "license": "MIT",
      "optional": true,
      "os": [
        "darwin"
      ],
      "bin": {
        "azmcp-darwin-x64": "dist/azmcp"
      },
      "engines": {
        "node": ">=20.0.0"
      }
    },
    "node_modules/@azure/mcp-linux-arm64": {
      "version": "2.0.5",
      "resolved": "https://ms-feed-25.pkgs.visualstudio.com/1es-public/_packaging/npm-public/npm/registry/@azure/mcp-linux-arm64/-/mcp-linux-arm64-2.0.5.tgz",
      "integrity": "sha1-cWUgD9+2MKpaFQfVBhTiKBnxm1I=",
      "cpu": [
        "arm64"
      ],
      "license": "MIT",
      "optional": true,
      "os": [
        "linux"
      ],
      "bin": {
        "azmcp-linux-arm64": "dist/azmcp"
      },
      "engines": {
        "node": ">=20.0.0"
      }
    },
    "node_modules/@azure/mcp-linux-x64": {
      "version": "2.0.5",
      "resolved": "https://ms-feed-25.pkgs.visualstudio.com/1es-public/_packaging/npm-public/npm/registry/@azure/mcp-linux-x64/-/mcp-linux-x64-2.0.5.tgz",
      "integrity": "sha1-0RU4fIG9SZLdfZfZ3Wyj58XqIy0=",
      "cpu": [
        "x64"
      ],
      "license": "MIT",
      "optional": true,
      "os": [
        "linux"
      ],
      "bin": {
        "azmcp-linux-x64": "dist/azmcp"
      },
      "engines": {
        "node": ">=20.0.0"
      }
    },
    "node_modules/@azure/mcp-win32-arm64": {
      "version": "2.0.5",
      "resolved": "https://ms-feed-25.pkgs.visualstudio.com/1es-public/_packaging/npm-public/npm/registry/@azure/mcp-win32-arm64/-/mcp-win32-arm64-2.0.5.tgz",
      "integrity": "sha1-qiyejzOAKLrjkY8csjivS/BqA8U=",
      "cpu": [
        "arm64"
      ],
      "license": "MIT",
      "optional": true,
      "os": [
        "win32"
      ],
      "bin": {
        "azmcp-win32-arm64": "dist/azmcp.exe"
      },
      "engines": {
        "node": ">=20.0.0"
      }
    },
    "node_modules/@azure/mcp-win32-x64": {
      "version": "2.0.5",
      "resolved": "https://ms-feed-25.pkgs.visualstudio.com/1es-public/_packaging/npm-public/npm/registry/@azure/mcp-win32-x64/-/mcp-win32-x64-2.0.5.tgz",
      "integrity": "sha1-wJvRQpL5T07cuOfI9ynkNd9y7vU=",
      "cpu": [
        "x64"
      ],
      "license": "MIT",
      "optional": true,
      "os": [
        "win32"
      ],
      "bin": {
        "azmcp-win32-x64": "dist/azmcp.exe"
      },
      "engines": {
        "node": ">=20.0.0"
      }
    }
  }
}
